{
  "name": "hack4krak",
  "lockfileVersion": 3,
  "requires": true,
  "packages": {
    "": {
      "name": "hack4krak",
      "dependencies": {
        "pnpm": "^9.15.5"
      },
      "devDependencies": {
        "husky": "^9.1.7"
      },
      "engines": {
        "node": ">=22.5.1"
      }
    },
    "node_modules/husky": {
      "version": "9.1.7",
      "resolved": "https://registry.npmjs.org/husky/-/husky-9.1.7.tgz",
      "integrity": "sha512-5gs5ytaNjBrh5Ow3zrvdUUY+0VxIuWVL4i9irt6friV+BqdCfmV11CQTWMiBYWHbXhco+J1kHfTOUkePhCDvMA==",
      "dev": true,
      "license": "MIT",
      "bin": {
        "husky": "bin.js"
      },
      "engines": {
        "node": ">=18"
      },
      "funding": {
        "url": "https://github.com/sponsors/typicode"
      }
    },
    "node_modules/pnpm": {
      "version": "9.15.5",
      "resolved": "https://registry.npmjs.org/pnpm/-/pnpm-9.15.5.tgz",
      "integrity": "sha512-hFGWAmqrHMPwmKBHS2TfurKv56G06R3YaJXY5Koyp6bQMEni0K13C75N4COnEi+2jBodbg0DPHB2CF+dXUgA1A==",
      "license": "MIT",
      "bin": {
        "pnpm": "bin/pnpm.cjs",
        "pnpx": "bin/pnpx.cjs"
      },
      "engines": {
        "node": ">=18.12"
      },
      "funding": {
        "url": "https://opencollective.com/pnpm"
      }
    }
  }
}
